// !$*UTF8*$!
{
	archiveVersion = 1;
	classes = {
	};
	objectVersion = 55;
	objects = {

/* Begin PBXBuildFile section */
		E452CAA2278574F600F220BD /* main.swift in Sources */ = {isa = PBXBuildFile; fileRef = E452CAA1278574F600F220BD /* main.swift */; };
/* End PBXBuildFile section */

/* Begin PBXCopyFilesBuildPhase section */
		E452CA91278573FD00F220BD /* CopyFiles */ = {
			isa = PBXCopyFilesBuildPhase;
			buildActionMask = 2147483647;
			dstPath = /usr/share/man/man1/;
			dstSubfolderSpec = 0;
			files = (
			);
			runOnlyForDeploymentPostprocessing = 1;
		};
/* End PBXCopyFilesBuildPhase section */

/* Begin PBXFileReference section */
		E452CA93278573FD00F220BD /* algorithm */ = {isa = PBXFileReference; explicitFileType = "compiled.mach-o.executable"; includeInIndex = 0; path = algorithm; sourceTree = BUILT_PRODUCTS_DIR; };
		E452CA9F278574CD00F220BD /* ex01_2557_HelloWorld.swift */ = {isa = PBXFileReference; lastKnownFileType = sourcecode.swift; path = ex01_2557_HelloWorld.swift; sourceTree = "<group>"; };
		E452CAA1278574F600F220BD /* main.swift */ = {isa = PBXFileReference; lastKnownFileType = sourcecode.swift; path = main.swift; sourceTree = "<group>"; usesTabs = 0; };
		E452CAA32785773A00F220BD /* ex02_10718_We_love_kriii.swift */ = {isa = PBXFileReference; lastKnownFileType = sourcecode.swift; path = ex02_10718_We_love_kriii.swift; sourceTree = "<group>"; };
		E452CAA52785784F00F220BD /* ex03_10171_고양이.swift */ = {isa = PBXFileReference; lastKnownFileType = sourcecode.swift; path = "ex03_10171_고양이.swift"; sourceTree = "<group>"; };
		E452CAA72785793800F220BD /* ex04_10172_개.swift */ = {isa = PBXFileReference; lastKnownFileType = sourcecode.swift; path = "ex04_10172_개.swift"; sourceTree = "<group>"; };
		E452CAAA2785987600F220BD /* ex06_1001_A-B.swift */ = {isa = PBXFileReference; lastKnownFileType = sourcecode.swift; path = "ex06_1001_A-B.swift"; sourceTree = "<group>"; };
		E452CAAB27859C2000F220BD /* ex07_10998_AxB.swift */ = {isa = PBXFileReference; lastKnownFileType = sourcecode.swift; path = ex07_10998_AxB.swift; sourceTree = "<group>"; };
		E452CAAC27859D8500F220BD /* ex08_1008_AdivB.swift */ = {isa = PBXFileReference; lastKnownFileType = sourcecode.swift; path = ex08_1008_AdivB.swift; sourceTree = "<group>"; };
		E452CAAD27859F0D00F220BD /* ex09_10869_사칙연산.swift */ = {isa = PBXFileReference; lastKnownFileType = sourcecode.swift; path = "ex09_10869_사칙연산.swift"; sourceTree = "<group>"; };
		E452CAAE2785C28100F220BD /* ex10_10430_나머지.swift */ = {isa = PBXFileReference; lastKnownFileType = sourcecode.swift; path = "ex10_10430_나머지.swift"; sourceTree = "<group>"; };
		E452CAAF2785C2E900F220BD /* ex11_2588_곱셈.swift */ = {isa = PBXFileReference; lastKnownFileType = sourcecode.swift; path = "ex11_2588_곱셈.swift"; sourceTree = "<group>"; };
		E452CAB12785C50400F220BD /* ex01_1330_두 수 비교하기.swift */ = {isa = PBXFileReference; lastKnownFileType = sourcecode.swift; path = "ex01_1330_두 수 비교하기.swift"; sourceTree = "<group>"; };
		E452CAB22785C69900F220BD /* ex02_9498_시험 성적.swift */ = {isa = PBXFileReference; lastKnownFileType = sourcecode.swift; path = "ex02_9498_시험 성적.swift"; sourceTree = "<group>"; };
		E452CAB32785CDFE00F220BD /* ex03_2753_윤년.swift */ = {isa = PBXFileReference; lastKnownFileType = sourcecode.swift; path = "ex03_2753_윤년.swift"; sourceTree = "<group>"; };
		E452CAB42785CFE700F220BD /* ex04_14681_사분면 고르기.swift */ = {isa = PBXFileReference; lastKnownFileType = sourcecode.swift; path = "ex04_14681_사분면 고르기.swift"; sourceTree = "<group>"; usesTabs = 1; };
		E452CAB62785D68F00F220BD /* ex05_2884_알람 시계.swift */ = {isa = PBXFileReference; lastKnownFileType = sourcecode.swift; path = "ex05_2884_알람 시계.swift"; sourceTree = "<group>"; };
		E4B7802627896971005D6187 /* ex01_15596_정수N개의합.py */ = {isa = PBXFileReference; lastKnownFileType = text.script.python; path = "ex01_15596_정수N개의합.py"; sourceTree = "<group>"; };
		E4B78027278972DC005D6187 /* ex02_4673_셀프넘버.swift */ = {isa = PBXFileReference; lastKnownFileType = sourcecode.swift; path = "ex02_4673_셀프넘버.swift"; sourceTree = "<group>"; };
		E4B7802827898EFF005D6187 /* ex03_1065_한수.swift */ = {isa = PBXFileReference; lastKnownFileType = sourcecode.swift; path = "ex03_1065_한수.swift"; sourceTree = "<group>"; };
		E4B7802A27899470005D6187 /* ex01_11654_아스키 코드.swift */ = {isa = PBXFileReference; lastKnownFileType = sourcecode.swift; path = "ex01_11654_아스키 코드.swift"; sourceTree = "<group>"; };
		E4B7802B278998E4005D6187 /* ex02_11720_숫자의합.swift */ = {isa = PBXFileReference; lastKnownFileType = sourcecode.swift; path = "ex02_11720_숫자의합.swift"; sourceTree = "<group>"; };
		E4B7802C2789BA21005D6187 /* ex03_10809_알파벳찾기.swift */ = {isa = PBXFileReference; lastKnownFileType = sourcecode.swift; path = "ex03_10809_알파벳찾기.swift"; sourceTree = "<group>"; };
		E4B7802D2789C599005D6187 /* ex04_2675_문자열반복.swift */ = {isa = PBXFileReference; lastKnownFileType = sourcecode.swift; path = "ex04_2675_문자열반복.swift"; sourceTree = "<group>"; };
		E4B7802E2789C9C7005D6187 /* ex05_1157_단어공부.swift */ = {isa = PBXFileReference; lastKnownFileType = sourcecode.swift; path = "ex05_1157_단어공부.swift"; sourceTree = "<group>"; };
		E4B7802F2789CA09005D6187 /* ex06_1152_단어의개수.swift */ = {isa = PBXFileReference; lastKnownFileType = sourcecode.swift; path = "ex06_1152_단어의개수.swift"; sourceTree = "<group>"; };
		E4B780302789D124005D6187 /* ex07_2908_상수.swift */ = {isa = PBXFileReference; lastKnownFileType = sourcecode.swift; path = "ex07_2908_상수.swift"; sourceTree = "<group>"; };
		E4E9CE2D27870216009AF5BB /* ex01_2739_구구단.swift */ = {isa = PBXFileReference; lastKnownFileType = sourcecode.swift; path = "ex01_2739_구구단.swift"; sourceTree = "<group>"; };
		E4E9CE2E27870278009AF5BB /* ex05_1000_A+B.swift */ = {isa = PBXFileReference; fileEncoding = 4; lastKnownFileType = sourcecode.swift; path = "ex05_1000_A+B.swift"; sourceTree = "<group>"; };
		E4E9CE30278710C3009AF5BB /* ex02_10950_A+B - 3.swift */ = {isa = PBXFileReference; lastKnownFileType = sourcecode.swift; path = "ex02_10950_A+B - 3.swift"; sourceTree = "<group>"; };
		E4E9CE312787156C009AF5BB /* ex03_8393_합.swift */ = {isa = PBXFileReference; lastKnownFileType = sourcecode.swift; path = "ex03_8393_합.swift"; sourceTree = "<group>"; };
		E4E9CE34278739F5009AF5BB /* ex04_15552_빠른A+B.swift */ = {isa = PBXFileReference; lastKnownFileType = sourcecode.swift; path = "ex04_15552_빠른A+B.swift"; sourceTree = "<group>"; };
		E4E9CE3527873DE4009AF5BB /* ex05_2741_N찍기.swift */ = {isa = PBXFileReference; lastKnownFileType = sourcecode.swift; path = "ex05_2741_N찍기.swift"; sourceTree = "<group>"; };
		E4E9CE3627874170009AF5BB /* ex06_2742_기찍N.swift */ = {isa = PBXFileReference; lastKnownFileType = sourcecode.swift; path = "ex06_2742_기찍N.swift"; sourceTree = "<group>"; };
		E4E9CE37278812A8009AF5BB /* ex07_11021_A+B - 7.swift */ = {isa = PBXFileReference; lastKnownFileType = sourcecode.swift; path = "ex07_11021_A+B - 7.swift"; sourceTree = "<group>"; };
		E4E9CE3827881372009AF5BB /* ex08_11022_A+B - 8.swift */ = {isa = PBXFileReference; lastKnownFileType = sourcecode.swift; path = "ex08_11022_A+B - 8.swift"; sourceTree = "<group>"; };
		E4E9CE3927882C04009AF5BB /* ex09_2438_별찍기1.swift */ = {isa = PBXFileReference; lastKnownFileType = sourcecode.swift; path = "ex09_2438_별찍기1.swift"; sourceTree = "<group>"; };
		E4E9CE3A27882F53009AF5BB /* ex10_2439_별찍기2.swift */ = {isa = PBXFileReference; lastKnownFileType = sourcecode.swift; path = "ex10_2439_별찍기2.swift"; sourceTree = "<group>"; };
		E4E9CE3C27883C77009AF5BB /* ex11_10871_X보다 작은수.swift */ = {isa = PBXFileReference; lastKnownFileType = sourcecode.swift; path = "ex11_10871_X보다 작은수.swift"; sourceTree = "<group>"; };
		E4E9CE3D27884160009AF5BB /* ex01_10952_A+B - 5.swift */ = {isa = PBXFileReference; lastKnownFileType = sourcecode.swift; path = "ex01_10952_A+B - 5.swift"; sourceTree = "<group>"; };
		E4E9CE3E278842D9009AF5BB /* ex02_10951_A+B - 4.swift */ = {isa = PBXFileReference; lastKnownFileType = sourcecode.swift; path = "ex02_10951_A+B - 4.swift"; sourceTree = "<group>"; };
		E4E9CE3F27885C5D009AF5BB /* ex03_1110_더하기 사이클.swift */ = {isa = PBXFileReference; lastKnownFileType = sourcecode.swift; path = "ex03_1110_더하기 사이클.swift"; sourceTree = "<group>"; };
		E4E9CE4127885FC9009AF5BB /* ex01_10818_최소최대.swift */ = {isa = PBXFileReference; lastKnownFileType = sourcecode.swift; path = "ex01_10818_최소최대.swift"; sourceTree = "<group>"; };
		E4E9CE4227886267009AF5BB /* ex02_2562_최댓값.swift */ = {isa = PBXFileReference; lastKnownFileType = sourcecode.swift; path = "ex02_2562_최댓값.swift"; sourceTree = "<group>"; };
		E4E9CE43278871E0009AF5BB /* ex03_2577_숫자의개수.swift */ = {isa = PBXFileReference; lastKnownFileType = sourcecode.swift; path = "ex03_2577_숫자의개수.swift"; sourceTree = "<group>"; };
		E4E9CE4427887A44009AF5BB /* ex04_3052_나머지.swift */ = {isa = PBXFileReference; lastKnownFileType = sourcecode.swift; path = "ex04_3052_나머지.swift"; sourceTree = "<group>"; };
		E4E9CE45278881B9009AF5BB /* ex05_1546_평균.swift */ = {isa = PBXFileReference; lastKnownFileType = sourcecode.swift; path = "ex05_1546_평균.swift"; sourceTree = "<group>"; };
		E4E9CE462788894A009AF5BB /* ex06_8958_OX퀴즈.swift */ = {isa = PBXFileReference; lastKnownFileType = sourcecode.swift; path = "ex06_8958_OX퀴즈.swift"; sourceTree = "<group>"; };
		E4E9CE4727889052009AF5BB /* ex07_4344_평균은넘겠지.swift */ = {isa = PBXFileReference; lastKnownFileType = sourcecode.swift; path = "ex07_4344_평균은넘겠지.swift"; sourceTree = "<group>"; };
/* End PBXFileReference section */

/* Begin PBXFrameworksBuildPhase section */
		E452CA90278573FD00F220BD /* Frameworks */ = {
			isa = PBXFrameworksBuildPhase;
			buildActionMask = 2147483647;
			files = (
			);
			runOnlyForDeploymentPostprocessing = 0;
		};
/* End PBXFrameworksBuildPhase section */

/* Begin PBXGroup section */
		E452CA8A278573FD00F220BD = {
			isa = PBXGroup;
			children = (
				E452CA95278573FD00F220BD /* algorithm */,
				E452CA94278573FD00F220BD /* Products */,
			);
			sourceTree = "<group>";
		};
		E452CA94278573FD00F220BD /* Products */ = {
			isa = PBXGroup;
			children = (
				E452CA93278573FD00F220BD /* algorithm */,
			);
			name = Products;
			sourceTree = "<group>";
		};
		E452CA95278573FD00F220BD /* algorithm */ = {
			isa = PBXGroup;
			children = (
				E452CA9D2785747B00F220BD /* BaekJoon */,
			);
			path = algorithm;
			sourceTree = "<group>";
		};
		E452CA9D2785747B00F220BD /* BaekJoon */ = {
			isa = PBXGroup;
			children = (
				E452CA9E2785749C00F220BD /* Level01_입출력과 사칙연산 */,
				E452CAB02785C4D400F220BD /* Level02_if문 */,
				E4E9CE2C278701E8009AF5BB /* Level03_for문 */,
				E4E9CE3B27883C17009AF5BB /* Level04_while문 */,
				E4E9CE4027885CAF009AF5BB /* Level05_1차원 배열 */,
				E4B78025278961F2005D6187 /* Level06_함수 */,
				E4B7802927898F0A005D6187 /* Level07_문자열 */,
			);
			path = BaekJoon;
			sourceTree = "<group>";
		};
		E452CA9E2785749C00F220BD /* Level01_입출력과 사칙연산 */ = {
			isa = PBXGroup;
			children = (
				E452CA9F278574CD00F220BD /* ex01_2557_HelloWorld.swift */,
				E452CAA32785773A00F220BD /* ex02_10718_We_love_kriii.swift */,
				E452CAA52785784F00F220BD /* ex03_10171_고양이.swift */,
				E452CAA72785793800F220BD /* ex04_10172_개.swift */,
				E452CAAA2785987600F220BD /* ex06_1001_A-B.swift */,
				E4E9CE2E27870278009AF5BB /* ex05_1000_A+B.swift */,
				E452CAAB27859C2000F220BD /* ex07_10998_AxB.swift */,
				E452CAAC27859D8500F220BD /* ex08_1008_AdivB.swift */,
				E452CAAD27859F0D00F220BD /* ex09_10869_사칙연산.swift */,
				E452CAAE2785C28100F220BD /* ex10_10430_나머지.swift */,
				E452CAAF2785C2E900F220BD /* ex11_2588_곱셈.swift */,
			);
			name = "Level01_입출력과 사칙연산";
			path = "Level01_입출력과 사칙연산";
			sourceTree = "<group>";
		};
		E452CAB02785C4D400F220BD /* Level02_if문 */ = {
			isa = PBXGroup;
			children = (
				E452CAB12785C50400F220BD /* ex01_1330_두 수 비교하기.swift */,
				E452CAB22785C69900F220BD /* ex02_9498_시험 성적.swift */,
				E452CAB32785CDFE00F220BD /* ex03_2753_윤년.swift */,
				E452CAB42785CFE700F220BD /* ex04_14681_사분면 고르기.swift */,
				E452CAB62785D68F00F220BD /* ex05_2884_알람 시계.swift */,
			);
			name = "Level02_if문";
			path = "Level02_if문";
			sourceTree = "<group>";
		};
		E4B78025278961F2005D6187 /* Level06_함수 */ = {
			isa = PBXGroup;
			children = (
				E4B7802627896971005D6187 /* ex01_15596_정수N개의합.py */,
				E4B78027278972DC005D6187 /* ex02_4673_셀프넘버.swift */,
				E4B7802827898EFF005D6187 /* ex03_1065_한수.swift */,
			);
			name = "Level06_함수";
			path = "Level06_함수";
			sourceTree = "<group>";
		};
		E4B7802927898F0A005D6187 /* Level07_문자열 */ = {
			isa = PBXGroup;
			children = (
				E452CAA1278574F600F220BD /* main.swift */,
				E4B7802A27899470005D6187 /* ex01_11654_아스키 코드.swift */,
				E4B7802B278998E4005D6187 /* ex02_11720_숫자의합.swift */,
				E4B7802C2789BA21005D6187 /* ex03_10809_알파벳찾기.swift */,
				E4B7802D2789C599005D6187 /* ex04_2675_문자열반복.swift */,
				E4B7802E2789C9C7005D6187 /* ex05_1157_단어공부.swift */,
				E4B7802F2789CA09005D6187 /* ex06_1152_단어의개수.swift */,
				E4B780302789D124005D6187 /* ex07_2908_상수.swift */,
			);
			name = "Level07_문자열";
			path = "Level07_문자열";
			sourceTree = "<group>";
		};
		E4E9CE2C278701E8009AF5BB /* Level03_for문 */ = {
			isa = PBXGroup;
			children = (
				E4E9CE2D27870216009AF5BB /* ex01_2739_구구단.swift */,
				E4E9CE30278710C3009AF5BB /* ex02_10950_A+B - 3.swift */,
				E4E9CE312787156C009AF5BB /* ex03_8393_합.swift */,
				E4E9CE34278739F5009AF5BB /* ex04_15552_빠른A+B.swift */,
				E4E9CE3527873DE4009AF5BB /* ex05_2741_N찍기.swift */,
				E4E9CE3627874170009AF5BB /* ex06_2742_기찍N.swift */,
				E4E9CE37278812A8009AF5BB /* ex07_11021_A+B - 7.swift */,
				E4E9CE3827881372009AF5BB /* ex08_11022_A+B - 8.swift */,
				E4E9CE3927882C04009AF5BB /* ex09_2438_별찍기1.swift */,
				E4E9CE3A27882F53009AF5BB /* ex10_2439_별찍기2.swift */,
				E4E9CE3C27883C77009AF5BB /* ex11_10871_X보다 작은수.swift */,
			);
			name = "Level03_for문";
			path = "Level03_for문";
			sourceTree = "<group>";
		};
		E4E9CE3B27883C17009AF5BB /* Level04_while문 */ = {
			isa = PBXGroup;
			children = (
				E4E9CE3D27884160009AF5BB /* ex01_10952_A+B - 5.swift */,
				E4E9CE3E278842D9009AF5BB /* ex02_10951_A+B - 4.swift */,
				E4E9CE3F27885C5D009AF5BB /* ex03_1110_더하기 사이클.swift */,
			);
			name = "Level04_while문";
			path = "Level04_while문";
			sourceTree = "<group>";
		};
		E4E9CE4027885CAF009AF5BB /* Level05_1차원 배열 */ = {
			isa = PBXGroup;
			children = (
				E4E9CE4127885FC9009AF5BB /* ex01_10818_최소최대.swift */,
				E4E9CE4227886267009AF5BB /* ex02_2562_최댓값.swift */,
				E4E9CE43278871E0009AF5BB /* ex03_2577_숫자의개수.swift */,
				E4E9CE4427887A44009AF5BB /* ex04_3052_나머지.swift */,
				E4E9CE45278881B9009AF5BB /* ex05_1546_평균.swift */,
				E4E9CE462788894A009AF5BB /* ex06_8958_OX퀴즈.swift */,
				E4E9CE4727889052009AF5BB /* ex07_4344_평균은넘겠지.swift */,
			);
			name = "Level05_1차원 배열";
			path = "Level05_1차원 배열";
			sourceTree = "<group>";
		};
/* End PBXGroup section */

/* Begin PBXNativeTarget section */
		E452CA92278573FD00F220BD /* algorithm */ = {
			isa = PBXNativeTarget;
			buildConfigurationList = E452CA9A278573FD00F220BD /* Build configuration list for PBXNativeTarget "algorithm" */;
			buildPhases = (
				E452CA8F278573FD00F220BD /* Sources */,
				E452CA90278573FD00F220BD /* Frameworks */,
				E452CA91278573FD00F220BD /* CopyFiles */,
			);
			buildRules = (
			);
			dependencies = (
			);
			name = algorithm;
			productName = algorithm;
			productReference = E452CA93278573FD00F220BD /* algorithm */;
			productType = "com.apple.product-type.tool";
		};
/* End PBXNativeTarget section */

/* Begin PBXProject section */
		E452CA8B278573FD00F220BD /* Project object */ = {
			isa = PBXProject;
			attributes = {
				BuildIndependentTargetsInParallel = 1;
				LastSwiftUpdateCheck = 1310;
				LastUpgradeCheck = 1310;
				TargetAttributes = {
					E452CA92278573FD00F220BD = {
						CreatedOnToolsVersion = 13.1;
						LastSwiftMigration = 1310;
					};
				};
			};
			buildConfigurationList = E452CA8E278573FD00F220BD /* Build configuration list for PBXProject "algorithm" */;
			compatibilityVersion = "Xcode 13.0";
			developmentRegion = en;
			hasScannedForEncodings = 0;
			knownRegions = (
				en,
				Base,
			);
			mainGroup = E452CA8A278573FD00F220BD;
			productRefGroup = E452CA94278573FD00F220BD /* Products */;
			projectDirPath = "";
			projectRoot = "";
			targets = (
				E452CA92278573FD00F220BD /* algorithm */,
			);
		};
/* End PBXProject section */

/* Begin PBXSourcesBuildPhase section */
		E452CA8F278573FD00F220BD /* Sources */ = {
			isa = PBXSourcesBuildPhase;
			buildActionMask = 2147483647;
			files = (
				E452CAA2278574F600F220BD /* main.swift in Sources */,
			);
			runOnlyForDeploymentPostprocessing = 0;
		};
/* End PBXSourcesBuildPhase section */

/* Begin XCBuildConfiguration section */
		E452CA98278573FD00F220BD /* Debug */ = {
			isa = XCBuildConfiguration;
			buildSettings = {
				ALWAYS_SEARCH_USER_PATHS = NO;
				CLANG_ANALYZER_NONNULL = YES;
				CLANG_ANALYZER_NUMBER_OBJECT_CONVERSION = YES_AGGRESSIVE;
				CLANG_CXX_LANGUAGE_STANDARD = "gnu++17";
				CLANG_CXX_LIBRARY = "libc++";
				CLANG_ENABLE_MODULES = YES;
				CLANG_ENABLE_OBJC_ARC = YES;
				CLANG_ENABLE_OBJC_WEAK = YES;
				CLANG_WARN_BLOCK_CAPTURE_AUTORELEASING = YES;
				CLANG_WARN_BOOL_CONVERSION = YES;
				CLANG_WARN_COMMA = YES;
				CLANG_WARN_CONSTANT_CONVERSION = YES;
				CLANG_WARN_DEPRECATED_OBJC_IMPLEMENTATIONS = YES;
				CLANG_WARN_DIRECT_OBJC_ISA_USAGE = YES_ERROR;
				CLANG_WARN_DOCUMENTATION_COMMENTS = YES;
				CLANG_WARN_EMPTY_BODY = YES;
				CLANG_WARN_ENUM_CONVERSION = YES;
				CLANG_WARN_INFINITE_RECURSION = YES;
				CLANG_WARN_INT_CONVERSION = YES;
				CLANG_WARN_NON_LITERAL_NULL_CONVERSION = YES;
				CLANG_WARN_OBJC_IMPLICIT_RETAIN_SELF = YES;
				CLANG_WARN_OBJC_LITERAL_CONVERSION = YES;
				CLANG_WARN_OBJC_ROOT_CLASS = YES_ERROR;
				CLANG_WARN_QUOTED_INCLUDE_IN_FRAMEWORK_HEADER = YES;
				CLANG_WARN_RANGE_LOOP_ANALYSIS = YES;
				CLANG_WARN_STRICT_PROTOTYPES = YES;
				CLANG_WARN_SUSPICIOUS_MOVE = YES;
				CLANG_WARN_UNGUARDED_AVAILABILITY = YES_AGGRESSIVE;
				CLANG_WARN_UNREACHABLE_CODE = YES;
				CLANG_WARN__DUPLICATE_METHOD_MATCH = YES;
				COPY_PHASE_STRIP = NO;
				DEBUG_INFORMATION_FORMAT = dwarf;
				ENABLE_STRICT_OBJC_MSGSEND = YES;
				ENABLE_TESTABILITY = YES;
				GCC_C_LANGUAGE_STANDARD = gnu11;
				GCC_DYNAMIC_NO_PIC = NO;
				GCC_NO_COMMON_BLOCKS = YES;
				GCC_OPTIMIZATION_LEVEL = 0;
				GCC_PREPROCESSOR_DEFINITIONS = (
					"DEBUG=1",
					"$(inherited)",
				);
				GCC_WARN_64_TO_32_BIT_CONVERSION = YES;
				GCC_WARN_ABOUT_RETURN_TYPE = YES_ERROR;
				GCC_WARN_UNDECLARED_SELECTOR = YES;
				GCC_WARN_UNINITIALIZED_AUTOS = YES_AGGRESSIVE;
				GCC_WARN_UNUSED_FUNCTION = YES;
				GCC_WARN_UNUSED_VARIABLE = YES;
				MACOSX_DEPLOYMENT_TARGET = 11.6;
				MTL_ENABLE_DEBUG_INFO = INCLUDE_SOURCE;
				MTL_FAST_MATH = YES;
				ONLY_ACTIVE_ARCH = YES;
				SDKROOT = macosx;
				SWIFT_ACTIVE_COMPILATION_CONDITIONS = DEBUG;
				SWIFT_OPTIMIZATION_LEVEL = "-Onone";
			};
			name = Debug;
		};
		E452CA99278573FD00F220BD /* Release */ = {
			isa = XCBuildConfiguration;
			buildSettings = {
				ALWAYS_SEARCH_USER_PATHS = NO;
				CLANG_ANALYZER_NONNULL = YES;
				CLANG_ANALYZER_NUMBER_OBJECT_CONVERSION = YES_AGGRESSIVE;
				CLANG_CXX_LANGUAGE_STANDARD = "gnu++17";
				CLANG_CXX_LIBRARY = "libc++";
				CLANG_ENABLE_MODULES = YES;
				CLANG_ENABLE_OBJC_ARC = YES;
				CLANG_ENABLE_OBJC_WEAK = YES;
				CLANG_WARN_BLOCK_CAPTURE_AUTORELEASING = YES;
				CLANG_WARN_BOOL_CONVERSION = YES;
				CLANG_WARN_COMMA = YES;
				CLANG_WARN_CONSTANT_CONVERSION = YES;
				CLANG_WARN_DEPRECATED_OBJC_IMPLEMENTATIONS = YES;
				CLANG_WARN_DIRECT_OBJC_ISA_USAGE = YES_ERROR;
				CLANG_WARN_DOCUMENTATION_COMMENTS = YES;
				CLANG_WARN_EMPTY_BODY = YES;
				CLANG_WARN_ENUM_CONVERSION = YES;
				CLANG_WARN_INFINITE_RECURSION = YES;
				CLANG_WARN_INT_CONVERSION = YES;
				CLANG_WARN_NON_LITERAL_NULL_CONVERSION = YES;
				CLANG_WARN_OBJC_IMPLICIT_RETAIN_SELF = YES;
				CLANG_WARN_OBJC_LITERAL_CONVERSION = YES;
				CLANG_WARN_OBJC_ROOT_CLASS = YES_ERROR;
				CLANG_WARN_QUOTED_INCLUDE_IN_FRAMEWORK_HEADER = YES;
				CLANG_WARN_RANGE_LOOP_ANALYSIS = YES;
				CLANG_WARN_STRICT_PROTOTYPES = YES;
				CLANG_WARN_SUSPICIOUS_MOVE = YES;
				CLANG_WARN_UNGUARDED_AVAILABILITY = YES_AGGRESSIVE;
				CLANG_WARN_UNREACHABLE_CODE = YES;
				CLANG_WARN__DUPLICATE_METHOD_MATCH = YES;
				COPY_PHASE_STRIP = NO;
				DEBUG_INFORMATION_FORMAT = "dwarf-with-dsym";
				ENABLE_NS_ASSERTIONS = NO;
				ENABLE_STRICT_OBJC_MSGSEND = YES;
				GCC_C_LANGUAGE_STANDARD = gnu11;
				GCC_NO_COMMON_BLOCKS = YES;
				GCC_WARN_64_TO_32_BIT_CONVERSION = YES;
				GCC_WARN_ABOUT_RETURN_TYPE = YES_ERROR;
				GCC_WARN_UNDECLARED_SELECTOR = YES;
				GCC_WARN_UNINITIALIZED_AUTOS = YES_AGGRESSIVE;
				GCC_WARN_UNUSED_FUNCTION = YES;
				GCC_WARN_UNUSED_VARIABLE = YES;
				MACOSX_DEPLOYMENT_TARGET = 11.6;
				MTL_ENABLE_DEBUG_INFO = NO;
				MTL_FAST_MATH = YES;
				SDKROOT = macosx;
				SWIFT_COMPILATION_MODE = wholemodule;
				SWIFT_OPTIMIZATION_LEVEL = "-O";
			};
			name = Release;
		};
		E452CA9B278573FD00F220BD /* Debug */ = {
			isa = XCBuildConfiguration;
			buildSettings = {
				CLANG_ENABLE_MODULES = YES;
				CODE_SIGN_STYLE = Automatic;
				DEVELOPMENT_TEAM = M86G74NZL7;
				ENABLE_HARDENED_RUNTIME = YES;
				LD_RUNPATH_SEARCH_PATHS = (
					"$(inherited)",
					"@executable_path/../Frameworks",
					"@loader_path/../Frameworks",
				);
				PRODUCT_NAME = "$(TARGET_NAME)";
				SWIFT_OPTIMIZATION_LEVEL = "-Onone";
				SWIFT_VERSION = 5.0;
			};
			name = Debug;
		};
		E452CA9C278573FD00F220BD /* Release */ = {
			isa = XCBuildConfiguration;
			buildSettings = {
				CLANG_ENABLE_MODULES = YES;
				CODE_SIGN_STYLE = Automatic;
				DEVELOPMENT_TEAM = M86G74NZL7;
				ENABLE_HARDENED_RUNTIME = YES;
				LD_RUNPATH_SEARCH_PATHS = (
					"$(inherited)",
					"@executable_path/../Frameworks",
					"@loader_path/../Frameworks",
				);
				PRODUCT_NAME = "$(TARGET_NAME)";
				SWIFT_VERSION = 5.0;
			};
			name = Release;
		};
/* End XCBuildConfiguration section */

/* Begin XCConfigurationList section */
		E452CA8E278573FD00F220BD /* Build configuration list for PBXProject "algorithm" */ = {
			isa = XCConfigurationList;
			buildConfigurations = (
				E452CA98278573FD00F220BD /* Debug */,
				E452CA99278573FD00F220BD /* Release */,
			);
			defaultConfigurationIsVisible = 0;
			defaultConfigurationName = Release;
		};
		E452CA9A278573FD00F220BD /* Build configuration list for PBXNativeTarget "algorithm" */ = {
			isa = XCConfigurationList;
			buildConfigurations = (
				E452CA9B278573FD00F220BD /* Debug */,
				E452CA9C278573FD00F220BD /* Release */,
			);
			defaultConfigurationIsVisible = 0;
			defaultConfigurationName = Release;
		};
/* End XCConfigurationList section */
	};
	rootObject = E452CA8B278573FD00F220BD /* Project object */;
}
